
Microsoft Visual Studio Solution File, Format Version 12.00
# Visual Studio Version 16
VisualStudioVersion = 16.0.30002.166
MinimumVisualStudioVersion = 10.0.40219.1
Project("{FAE04EC0-301F-11D3-BF4B-00C04F79EFBC}") = "ObjectMapper", "ObjectMapper\ObjectMapper.csproj", "{E9DB4A2E-A808-4CC8-8A3E-4714DC85C574}"
EndProject
Project("{FAE04EC0-301F-11D3-BF4B-00C04F79EFBC}") = "ObjectMapperTests", "ObjectMapperTests\ObjectMapperTests.csproj", "{91C537D9-F3D3-464A-B87F-38340E9C9BF8}"
EndProject
Global
	GlobalSection(SolutionConfigurationPlatforms) = preSolution
		Debug|Any CPU = Debug|Any CPU
		Release|Any CPU = Release|Any CPU
	EndGlobalSection
	GlobalSection(ProjectConfigurationPlatforms) = postSolution
		{E9DB4A2E-A808-4CC8-8A3E-4714DC85C574}.Debug|Any CPU.ActiveCfg = Debug|Any CPU
		{E9DB4A2E-A808-4CC8-8A3E-4714DC85C574}.Debug|Any CPU.Build.0 = Debug|Any CPU
		{E9DB4A2E-A808-4CC8-8A3E-4714DC85C574}.Release|Any CPU.ActiveCfg = Release|Any CPU
		{E9DB4A2E-A808-4CC8-8A3E-4714DC85C574}.Release|Any CPU.Build.0 = Release|Any CPU
		{91C537D9-F3D3-464A-B87F-38340E9C9BF8}.Debug|Any CPU.ActiveCfg = Debug|Any CPU
		{91C537D9-F3D3-464A-B87F-38340E9C9BF8}.Debug|Any CPU.Build.0 = Debug|Any CPU
		{91C537D9-F3D3-464A-B87F-38340E9C9BF8}.Release|Any CPU.ActiveCfg = Release|Any CPU
		{91C537D9-F3D3-464A-B87F-38340E9C9BF8}.Release|Any CPU.Build.0 = Release|Any CPU
	EndGlobalSection
	GlobalSection(SolutionProperties) = preSolution
		HideSolutionNode = FALSE
	EndGlobalSection
	GlobalSection(ExtensibilityGlobals) = postSolution
		SolutionGuid = {E062B54F-D352-4E9E-A151-617F2E181222}
	EndGlobalSection
EndGlobal
